
Microsoft Visual Studio Solution File, Format Version 12.00
# Visual Studio 15
VisualStudioVersion = 15.0.27703.2026
MinimumVisualStudioVersion = 10.0.40219.1
Project("{FAE04EC0-301F-11D3-BF4B-00C04F79EFBC}") = "PracticaMovimiento", "PracticaMovimiento\PracticaMovimiento.csproj", "{84813A2F-D53F-44E2-B724-79DC98882C01}"
EndProject
Global
	GlobalSection(SolutionConfigurationPlatforms) = preSolution
		Debug|Any CPU = Debug|Any CPU
		Release|Any CPU = Release|Any CPU
	EndGlobalSection
	GlobalSection(ProjectConfigurationPlatforms) = postSolution
		{84813A2F-D53F-44E2-B724-79DC98882C01}.Debug|Any CPU.ActiveCfg = Debug|Any CPU
		{84813A2F-D53F-44E2-B724-79DC98882C01}.Debug|Any CPU.Build.0 = Debug|Any CPU
		{84813A2F-D53F-44E2-B724-79DC98882C01}.Release|Any CPU.ActiveCfg = Release|Any CPU
		{84813A2F-D53F-44E2-B724-79DC98882C01}.Release|Any CPU.Build.0 = Release|Any CPU
	EndGlobalSection
	GlobalSection(SolutionProperties) = preSolution
		HideSolutionNode = FALSE
	EndGlobalSection
	GlobalSection(ExtensibilityGlobals) = postSolution
		SolutionGuid = {68B429D1-6251-4666-82DB-B61116BFFA36}
	EndGlobalSection
EndGlobal
